
Microsoft Visual Studio Solution File, Format Version 12.00
# Visual Studio Version 17
VisualStudioVersion = 17.0.32126.317
MinimumVisualStudioVersion = 10.0.40219.1
Project("{FAE04EC0-301F-11D3-BF4B-00C04F79EFBC}") = "MyFileUploader", "MyFileUploader.csproj", "{97264874-A583-4BCC-96DC-618CF167BDBE}"
EndProject
Global
	GlobalSection(SolutionConfigurationPlatforms) = preSolution
		Debug|Any CPU = Debug|Any CPU
		Release|Any CPU = Release|Any CPU
	EndGlobalSection
	GlobalSection(ProjectConfigurationPlatforms) = postSolution
		{97264874-A583-4BCC-96DC-618CF167BDBE}.Debug|Any CPU.ActiveCfg = Debug|Any CPU
		{97264874-A583-4BCC-96DC-618CF167BDBE}.Debug|Any CPU.Build.0 = Debug|Any CPU
		{97264874-A583-4BCC-96DC-618CF167BDBE}.Release|Any CPU.ActiveCfg = Release|Any CPU
		{97264874-A583-4BCC-96DC-618CF167BDBE}.Release|Any CPU.Build.0 = Release|Any CPU
	EndGlobalSection
	GlobalSection(SolutionProperties) = preSolution
		HideSolutionNode = FALSE
	EndGlobalSection
	GlobalSection(ExtensibilityGlobals) = postSolution
		SolutionGuid = {1713D270-BD64-497F-B010-EBF286BDE82E}
	EndGlobalSection
EndGlobal
